// !$*UTF8*$!
{
	archiveVersion = 1;
	classes = {
	};
	objectVersion = 77;
	objects = {

/* Begin PBXBuildFile section */
		0104442A499E0F7D4FD670FC /* LoopbackTests.swift in Sources */ = {isa = PBXBuildFile; fileRef = 68D5F31EC3B2A2D6B07F6764 /* LoopbackTests.swift */; };
		16CD87DC17CEB28E18B2F792 /* NativeShell.swift in Sources */ = {isa = PBXBuildFile; fileRef = A538AA96B4D8C0AC961D0630 /* NativeShell.swift */; };
		30EEAB9FB81A6277119DF032 /* www in Resources */ = {isa = PBXBuildFile; fileRef = 8AC76B54314397AE4247014C /* www */; };
		391BAAA1BA9D3B6D5BE151D5 /* GameHost.swift in Sources */ = {isa = PBXBuildFile; fileRef = B3157C3FFD93CC265EBC1EA8 /* GameHost.swift */; };
		48C89C383A553FE00B5BCF74 /* LoopbackServer.swift in Sources */ = {isa = PBXBuildFile; fileRef = 5E3BA041426EAD8FEF7FE888 /* LoopbackServer.swift */; };
		728B96B95CA774ABDDEF4BB5 /* Assets.xcassets in Resources */ = {isa = PBXBuildFile; fileRef = C4DBB8400299B90547D2A49C /* Assets.xcassets */; };
		7B0E52994CEFC4216EB7763C /* Bridge.js in Resources */ = {isa = PBXBuildFile; fileRef = A2AD965D2E7E2B0A0D77B7A7 /* Bridge.js */; };
		8A848D1987F8F73407E37822 /* PrivacyInfo.xcprivacy in Resources */ = {isa = PBXBuildFile; fileRef = 17A0737F6D652A2F31A6E049 /* PrivacyInfo.xcprivacy */; };
		AD2121E6386F4AB87AFC9496 /* ShellUITests.swift in Sources */ = {isa = PBXBuildFile; fileRef = 69235E7155D63BF365541825 /* ShellUITests.swift */; };
		B3932E2F45AFECC4BEA797F7 /* OfflineGamesTests.swift in Sources */ = {isa = PBXBuildFile; fileRef = B02D1F62AF03317C25EEB7B9 /* OfflineGamesTests.swift */; };
		B80EB3B63E4BA6C20CA1977B /* AppDelegate.swift in Sources */ = {isa = PBXBuildFile; fileRef = 71204C29485B5486848558B0 /* AppDelegate.swift */; };
/* End PBXBuildFile section */

/* Begin PBXContainerItemProxy section */
		6A582B7E020E9266823198BA /* PBXContainerItemProxy */ = {
			isa = PBXContainerItemProxy;
			containerPortal = 398A6BE79C5A515673DCBE9E /* Project object */;
			proxyType = 1;
			remoteGlobalIDString = 251EE20164C8261DD537F89B;
			remoteInfo = Nookcade;
		};
		B59F47BE1540005A1A111A61 /* PBXContainerItemProxy */ = {
			isa = PBXContainerItemProxy;
			containerPortal = 398A6BE79C5A515673DCBE9E /* Project object */;
			proxyType = 1;
			remoteGlobalIDString = 251EE20164C8261DD537F89B;
			remoteInfo = Nookcade;
		};
/* End PBXContainerItemProxy section */

/* Begin PBXFileReference section */
		17A0737F6D652A2F31A6E049 /* PrivacyInfo.xcprivacy */ = {isa = PBXFileReference; path = PrivacyInfo.xcprivacy; sourceTree = "<group>"; };
		5E3BA041426EAD8FEF7FE888 /* LoopbackServer.swift */ = {isa = PBXFileReference; lastKnownFileType = sourcecode.swift; path = LoopbackServer.swift; sourceTree = "<group>"; };
		68D5F31EC3B2A2D6B07F6764 /* LoopbackTests.swift */ = {isa = PBXFileReference; lastKnownFileType = sourcecode.swift; path = LoopbackTests.swift; sourceTree = "<group>"; };
		69235E7155D63BF365541825 /* ShellUITests.swift */ = {isa = PBXFileReference; lastKnownFileType = sourcecode.swift; path = ShellUITests.swift; sourceTree = "<group>"; };
		6BBDA5184E44334AD83645FE /* NookcadeTests.xctest */ = {isa = PBXFileReference; includeInIndex = 0; lastKnownFileType = wrapper.cfbundle; path = NookcadeTests.xctest; sourceTree = BUILT_PRODUCTS_DIR; };
		71204C29485B5486848558B0 /* AppDelegate.swift */ = {isa = PBXFileReference; lastKnownFileType = sourcecode.swift; path = AppDelegate.swift; sourceTree = "<group>"; };
		8AC76B54314397AE4247014C /* www */ = {isa = PBXFileReference; lastKnownFileType = folder; name = www; path = build/www; sourceTree = SOURCE_ROOT; };
		995DB82E3B836734844EE538 /* Nookcade.app */ = {isa = PBXFileReference; includeInIndex = 0; lastKnownFileType = wrapper.application; path = Nookcade.app; sourceTree = BUILT_PRODUCTS_DIR; };
		A2AD965D2E7E2B0A0D77B7A7 /* Bridge.js */ = {isa = PBXFileReference; lastKnownFileType = sourcecode.javascript; path = Bridge.js; sourceTree = "<group>"; };
		A538AA96B4D8C0AC961D0630 /* NativeShell.swift */ = {isa = PBXFileReference; lastKnownFileType = sourcecode.swift; path = NativeShell.swift; sourceTree = "<group>"; };
		B02D1F62AF03317C25EEB7B9 /* OfflineGamesTests.swift */ = {isa = PBXFileReference; lastKnownFileType = sourcecode.swift; path = OfflineGamesTests.swift; sourceTree = "<group>"; };
		B3157C3FFD93CC265EBC1EA8 /* GameHost.swift */ = {isa = PBXFileReference; lastKnownFileType = sourcecode.swift; path = GameHost.swift; sourceTree = "<group>"; };
		BBB271425DA9CE18BC6ECD29 /* NookcadeUITests.xctest */ = {isa = PBXFileReference; includeInIndex = 0; lastKnownFileType = wrapper.cfbundle; path = NookcadeUITests.xctest; sourceTree = BUILT_PRODUCTS_DIR; };
		C4DBB8400299B90547D2A49C /* Assets.xcassets */ = {isa = PBXFileReference; lastKnownFileType = folder.assetcatalog; path = Assets.xcassets; sourceTree = "<group>"; };
		FE5E794504A91796A7EF2185 /* Info.plist */ = {isa = PBXFileReference; lastKnownFileType = text.plist; path = Info.plist; sourceTree = "<group>"; };
/* End PBXFileReference section */

/* Begin PBXGroup section */
		2DBA7B989817F6C39EA2EC84 /* NookcadeUITests */ = {
			isa = PBXGroup;
			children = (
				69235E7155D63BF365541825 /* ShellUITests.swift */,
			);
			path = NookcadeUITests;
			sourceTree = "<group>";
		};
		866806E5004E068CA4D19115 = {
			isa = PBXGroup;
			children = (
				8AC76B54314397AE4247014C /* www */,
				F66761027451717CC69CB21A /* Nookcade */,
				C346BF3F5CF71D26406EA078 /* NookcadeTests */,
				2DBA7B989817F6C39EA2EC84 /* NookcadeUITests */,
				B1589F27113A83ECC33B548F /* Products */,
			);
			sourceTree = "<group>";
		};
		B1589F27113A83ECC33B548F /* Products */ = {
			isa = PBXGroup;
			children = (
				995DB82E3B836734844EE538 /* Nookcade.app */,
				6BBDA5184E44334AD83645FE /* NookcadeTests.xctest */,
				BBB271425DA9CE18BC6ECD29 /* NookcadeUITests.xctest */,
			);
			name = Products;
			sourceTree = "<group>";
		};
		C346BF3F5CF71D26406EA078 /* NookcadeTests */ = {
			isa = PBXGroup;
			children = (
				68D5F31EC3B2A2D6B07F6764 /* LoopbackTests.swift */,
				B02D1F62AF03317C25EEB7B9 /* OfflineGamesTests.swift */,
			);
			path = NookcadeTests;
			sourceTree = "<group>";
		};
		F66761027451717CC69CB21A /* Nookcade */ = {
			isa = PBXGroup;
			children = (
				71204C29485B5486848558B0 /* AppDelegate.swift */,
				C4DBB8400299B90547D2A49C /* Assets.xcassets */,
				A2AD965D2E7E2B0A0D77B7A7 /* Bridge.js */,
				B3157C3FFD93CC265EBC1EA8 /* GameHost.swift */,
				FE5E794504A91796A7EF2185 /* Info.plist */,
				5E3BA041426EAD8FEF7FE888 /* LoopbackServer.swift */,
				A538AA96B4D8C0AC961D0630 /* NativeShell.swift */,
				17A0737F6D652A2F31A6E049 /* PrivacyInfo.xcprivacy */,
			);
			path = Nookcade;
			sourceTree = "<group>";
		};
/* End PBXGroup section */

/* Begin PBXNativeTarget section */
		251EE20164C8261DD537F89B /* Nookcade */ = {
			isa = PBXNativeTarget;
			buildConfigurationList = 35B17167A57B30C63E3ED618 /* Build configuration list for PBXNativeTarget "Nookcade" */;
			buildPhases = (
				D87E861A9CBDB7ED789B267D /* Sources */,
				25B366C588A63B293DB2E760 /* Resources */,
			);
			buildRules = (
			);
			dependencies = (
			);
			name = Nookcade;
			packageProductDependencies = (
			);
			productName = Nookcade;
			productReference = 995DB82E3B836734844EE538 /* Nookcade.app */;
			productType = "com.apple.product-type.application";
		};
		2A31CAC46A65A7F028F2EDFC /* NookcadeUITests */ = {
			isa = PBXNativeTarget;
			buildConfigurationList = 9CAAAF84F6AD7089309537A6 /* Build configuration list for PBXNativeTarget "NookcadeUITests" */;
			buildPhases = (
				20E8B6E11AE9E330943F23FC /* Sources */,
			);
			buildRules = (
			);
			dependencies = (
				E444D97DAF75EB3C7C0FEFA9 /* PBXTargetDependency */,
			);
			name = NookcadeUITests;
			packageProductDependencies = (
			);
			productName = NookcadeUITests;
			productReference = BBB271425DA9CE18BC6ECD29 /* NookcadeUITests.xctest */;
			productType = "com.apple.product-type.bundle.ui-testing";
		};
		5FAD7734A69CDB18C82C42F7 /* NookcadeTests */ = {
			isa = PBXNativeTarget;
			buildConfigurationList = 28390F5EDF411B3F85388E5A /* Build configuration list for PBXNativeTarget "NookcadeTests" */;
			buildPhases = (
				C6F77BFB38D876A0DBC1E9C9 /* Sources */,
			);
			buildRules = (
			);
			dependencies = (
				BE0C6E72D52EF14C02552FCF /* PBXTargetDependency */,
			);
			name = NookcadeTests;
			packageProductDependencies = (
			);
			productName = NookcadeTests;
			productReference = 6BBDA5184E44334AD83645FE /* NookcadeTests.xctest */;
			productType = "com.apple.product-type.bundle.unit-test";
		};
/* End PBXNativeTarget section */

/* Begin PBXProject section */
		398A6BE79C5A515673DCBE9E /* Project object */ = {
			isa = PBXProject;
			attributes = {
				BuildIndependentTargetsInParallel = YES;
				LastUpgradeCheck = 1430;
				TargetAttributes = {
					251EE20164C8261DD537F89B = {
						DevelopmentTeam = 5BG4VDJKTY;
						ProvisioningStyle = Automatic;
					};
					2A31CAC46A65A7F028F2EDFC = {
						DevelopmentTeam = 5BG4VDJKTY;
						ProvisioningStyle = Automatic;
						TestTargetID = 251EE20164C8261DD537F89B;
					};
					5FAD7734A69CDB18C82C42F7 = {
						DevelopmentTeam = 5BG4VDJKTY;
						ProvisioningStyle = Automatic;
					};
				};
			};
			buildConfigurationList = 00FF6DDB8EA777304B1CD25E /* Build configuration list for PBXProject "Nookcade" */;
			developmentRegion = en;
			hasScannedForEncodings = 0;
			knownRegions = (
				Base,
				en,
			);
			mainGroup = 866806E5004E068CA4D19115;
			minimizedProjectReferenceProxies = 1;
			preferredProjectObjectVersion = 77;
			productRefGroup = B1589F27113A83ECC33B548F /* Products */;
			projectDirPath = "";
			projectRoot = "";
			targets = (
				251EE20164C8261DD537F89B /* Nookcade */,
				5FAD7734A69CDB18C82C42F7 /* NookcadeTests */,
				2A31CAC46A65A7F028F2EDFC /* NookcadeUITests */,
			);
		};
/* End PBXProject section */

/* Begin PBXResourcesBuildPhase section */
		25B366C588A63B293DB2E760 /* Resources */ = {
			isa = PBXResourcesBuildPhase;
			buildActionMask = 2147483647;
			files = (
				728B96B95CA774ABDDEF4BB5 /* Assets.xcassets in Resources */,
				7B0E52994CEFC4216EB7763C /* Bridge.js in Resources */,
				8A848D1987F8F73407E37822 /* PrivacyInfo.xcprivacy in Resources */,
				30EEAB9FB81A6277119DF032 /* www in Resources */,
			);
			runOnlyForDeploymentPostprocessing = 0;
		};
/* End PBXResourcesBuildPhase section */

/* Begin PBXSourcesBuildPhase section */
		20E8B6E11AE9E330943F23FC /* Sources */ = {
			isa = PBXSourcesBuildPhase;
			buildActionMask = 2147483647;
			files = (
				AD2121E6386F4AB87AFC9496 /* ShellUITests.swift in Sources */,
			);
			runOnlyForDeploymentPostprocessing = 0;
		};
		C6F77BFB38D876A0DBC1E9C9 /* Sources */ = {
			isa = PBXSourcesBuildPhase;
			buildActionMask = 2147483647;
			files = (
				0104442A499E0F7D4FD670FC /* LoopbackTests.swift in Sources */,
				B3932E2F45AFECC4BEA797F7 /* OfflineGamesTests.swift in Sources */,
			);
			runOnlyForDeploymentPostprocessing = 0;
		};
		D87E861A9CBDB7ED789B267D /* Sources */ = {
			isa = PBXSourcesBuildPhase;
			buildActionMask = 2147483647;
			files = (
				B80EB3B63E4BA6C20CA1977B /* AppDelegate.swift in Sources */,
				391BAAA1BA9D3B6D5BE151D5 /* GameHost.swift in Sources */,
				48C89C383A553FE00B5BCF74 /* LoopbackServer.swift in Sources */,
				16CD87DC17CEB28E18B2F792 /* NativeShell.swift in Sources */,
			);
			runOnlyForDeploymentPostprocessing = 0;
		};
/* End PBXSourcesBuildPhase section */

/* Begin PBXTargetDependency section */
		BE0C6E72D52EF14C02552FCF /* PBXTargetDependency */ = {
			isa = PBXTargetDependency;
			target = 251EE20164C8261DD537F89B /* Nookcade */;
			targetProxy = 6A582B7E020E9266823198BA /* PBXContainerItemProxy */;
		};
		E444D97DAF75EB3C7C0FEFA9 /* PBXTargetDependency */ = {
			isa = PBXTargetDependency;
			target = 251EE20164C8261DD537F89B /* Nookcade */;
			targetProxy = B59F47BE1540005A1A111A61 /* PBXContainerItemProxy */;
		};
/* End PBXTargetDependency section */

/* Begin XCBuildConfiguration section */
		3B1185927CFFECFFD939AEF0 /* Release */ = {
			isa = XCBuildConfiguration;
			buildSettings = {
				BUNDLE_LOADER = "$(TEST_HOST)";
				DEVELOPMENT_TEAM = 5BG4VDJKTY;
				GENERATE_INFOPLIST_FILE = YES;
				LD_RUNPATH_SEARCH_PATHS = (
					"$(inherited)",
					"@executable_path/Frameworks",
					"@loader_path/Frameworks",
				);
				PRODUCT_BUNDLE_IDENTIFIER = io.github.jacklee992.NookcadeUITests;
				SDKROOT = iphoneos;
				TARGETED_DEVICE_FAMILY = "1,2";
				TEST_TARGET_NAME = Nookcade;
			};
			name = Release;
		};
		4E03A91201A3C0B3DABFE879 /* Debug */ = {
			isa = XCBuildConfiguration;
			buildSettings = {
				BUNDLE_LOADER = "$(TEST_HOST)";
				DEVELOPMENT_TEAM = 5BG4VDJKTY;
				GENERATE_INFOPLIST_FILE = YES;
				LD_RUNPATH_SEARCH_PATHS = (
					"$(inherited)",
					"@executable_path/Frameworks",
					"@loader_path/Frameworks",
				);
				PRODUCT_BUNDLE_IDENTIFIER = io.github.jacklee992.NookcadeTests;
				SDKROOT = iphoneos;
				TARGETED_DEVICE_FAMILY = "1,2";
				TEST_HOST = "$(BUILT_PRODUCTS_DIR)/Nookcade.app/Nookcade";
			};
			name = Debug;
		};
		5104A638D905F7DB8239827E /* Debug */ = {
			isa = XCBuildConfiguration;
			buildSettings = {
				BUNDLE_LOADER = "$(TEST_HOST)";
				DEVELOPMENT_TEAM = 5BG4VDJKTY;
				GENERATE_INFOPLIST_FILE = YES;
				LD_RUNPATH_SEARCH_PATHS = (
					"$(inherited)",
					"@executable_path/Frameworks",
					"@loader_path/Frameworks",
				);
				PRODUCT_BUNDLE_IDENTIFIER = io.github.jacklee992.NookcadeUITests;
				SDKROOT = iphoneos;
				TARGETED_DEVICE_FAMILY = "1,2";
				TEST_TARGET_NAME = Nookcade;
			};
			name = Debug;
		};
		597EEF89EE7DFE94233AFA1E /* Release */ = {
			isa = XCBuildConfiguration;
			buildSettings = {
				ASSETCATALOG_COMPILER_APPICON_NAME = AppIcon;
				CODE_SIGN_IDENTITY = "iPhone Developer";
				DEVELOPMENT_TEAM = 5BG4VDJKTY;
				INFOPLIST_FILE = Nookcade/Info.plist;
				LD_RUNPATH_SEARCH_PATHS = (
					"$(inherited)",
					"@executable_path/Frameworks",
				);
				PRODUCT_BUNDLE_IDENTIFIER = io.github.jacklee992.wanba.ios;
				SDKROOT = iphoneos;
				TARGETED_DEVICE_FAMILY = "1,2";
			};
			name = Release;
		};
		7BED825ED4A72D48B5B1AF23 /* Debug */ = {
			isa = XCBuildConfiguration;
			buildSettings = {
				ALWAYS_SEARCH_USER_PATHS = NO;
				CLANG_ANALYZER_NONNULL = YES;
				CLANG_ANALYZER_NUMBER_OBJECT_CONVERSION = YES_AGGRESSIVE;
				CLANG_CXX_LANGUAGE_STANDARD = "gnu++14";
				CLANG_CXX_LIBRARY = "libc++";
				CLANG_ENABLE_MODULES = YES;
				CLANG_ENABLE_OBJC_ARC = YES;
				CLANG_ENABLE_OBJC_WEAK = YES;
				CLANG_WARN_BLOCK_CAPTURE_AUTORELEASING = YES;
				CLANG_WARN_BOOL_CONVERSION = YES;
				CLANG_WARN_COMMA = YES;
				CLANG_WARN_CONSTANT_CONVERSION = YES;
				CLANG_WARN_DEPRECATED_OBJC_IMPLEMENTATIONS = YES;
				CLANG_WARN_DIRECT_OBJC_ISA_USAGE = YES_ERROR;
				CLANG_WARN_DOCUMENTATION_COMMENTS = YES;
				CLANG_WARN_EMPTY_BODY = YES;
				CLANG_WARN_ENUM_CONVERSION = YES;
				CLANG_WARN_INFINITE_RECURSION = YES;
				CLANG_WARN_INT_CONVERSION = YES;
				CLANG_WARN_NON_LITERAL_NULL_CONVERSION = YES;
				CLANG_WARN_OBJC_IMPLICIT_RETAIN_SELF = YES;
				CLANG_WARN_OBJC_LITERAL_CONVERSION = YES;
				CLANG_WARN_OBJC_ROOT_CLASS = YES_ERROR;
				CLANG_WARN_QUOTED_INCLUDE_IN_FRAMEWORK_HEADER = YES;
				CLANG_WARN_RANGE_LOOP_ANALYSIS = YES;
				CLANG_WARN_STRICT_PROTOTYPES = YES;
				CLANG_WARN_SUSPICIOUS_MOVE = YES;
				CLANG_WARN_UNGUARDED_AVAILABILITY = YES_AGGRESSIVE;
				CLANG_WARN_UNREACHABLE_CODE = YES;
				CLANG_WARN__DUPLICATE_METHOD_MATCH = YES;
				CODE_SIGN_STYLE = Automatic;
				COPY_PHASE_STRIP = NO;
				CURRENT_PROJECT_VERSION = 5;
				DEBUG_INFORMATION_FORMAT = dwarf;
				ENABLE_STRICT_OBJC_MSGSEND = YES;
				ENABLE_TESTABILITY = YES;
				ENABLE_USER_SCRIPT_SANDBOXING = YES;
				GCC_C_LANGUAGE_STANDARD = gnu11;
				GCC_DYNAMIC_NO_PIC = NO;
				GCC_NO_COMMON_BLOCKS = YES;
				GCC_OPTIMIZATION_LEVEL = 0;
				GCC_PREPROCESSOR_DEFINITIONS = (
					"$(inherited)",
					"DEBUG=1",
				);
				GCC_WARN_64_TO_32_BIT_CONVERSION = YES;
				GCC_WARN_ABOUT_RETURN_TYPE = YES_ERROR;
				GCC_WARN_UNDECLARED_SELECTOR = YES;
				GCC_WARN_UNINITIALIZED_AUTOS = YES_AGGRESSIVE;
				GCC_WARN_UNUSED_FUNCTION = YES;
				GCC_WARN_UNUSED_VARIABLE = YES;
				IPHONEOS_DEPLOYMENT_TARGET = 17.0;
				MARKETING_VERSION = 1.3.1;
				MTL_ENABLE_DEBUG_INFO = INCLUDE_SOURCE;
				MTL_FAST_MATH = YES;
				ONLY_ACTIVE_ARCH = YES;
				PRODUCT_NAME = "$(TARGET_NAME)";
				SDKROOT = iphoneos;
				SWIFT_ACTIVE_COMPILATION_CONDITIONS = DEBUG;
				SWIFT_OPTIMIZATION_LEVEL = "-Onone";
				SWIFT_VERSION = 5.0;
				TARGETED_DEVICE_FAMILY = "1,2";
			};
			name = Debug;
		};
		ABBF94D6D9F9F2042390D114 /* Release */ = {
			isa = XCBuildConfiguration;
			buildSettings = {
				ALWAYS_SEARCH_USER_PATHS = NO;
				CLANG_ANALYZER_NONNULL = YES;
				CLANG_ANALYZER_NUMBER_OBJECT_CONVERSION = YES_AGGRESSIVE;
				CLANG_CXX_LANGUAGE_STANDARD = "gnu++14";
				CLANG_CXX_LIBRARY = "libc++";
				CLANG_ENABLE_MODULES = YES;
				CLANG_ENABLE_OBJC_ARC = YES;
				CLANG_ENABLE_OBJC_WEAK = YES;
				CLANG_WARN_BLOCK_CAPTURE_AUTORELEASING = YES;
				CLANG_WARN_BOOL_CONVERSION = YES;
				CLANG_WARN_COMMA = YES;
				CLANG_WARN_CONSTANT_CONVERSION = YES;
				CLANG_WARN_DEPRECATED_OBJC_IMPLEMENTATIONS = YES;
				CLANG_WARN_DIRECT_OBJC_ISA_USAGE = YES_ERROR;
				CLANG_WARN_DOCUMENTATION_COMMENTS = YES;
				CLANG_WARN_EMPTY_BODY = YES;
				CLANG_WARN_ENUM_CONVERSION = YES;
				CLANG_WARN_INFINITE_RECURSION = YES;
				CLANG_WARN_INT_CONVERSION = YES;
				CLANG_WARN_NON_LITERAL_NULL_CONVERSION = YES;
				CLANG_WARN_OBJC_IMPLICIT_RETAIN_SELF = YES;
				CLANG_WARN_OBJC_LITERAL_CONVERSION = YES;
				CLANG_WARN_OBJC_ROOT_CLASS = YES_ERROR;
				CLANG_WARN_QUOTED_INCLUDE_IN_FRAMEWORK_HEADER = YES;
				CLANG_WARN_RANGE_LOOP_ANALYSIS = YES;
				CLANG_WARN_STRICT_PROTOTYPES = YES;
				CLANG_WARN_SUSPICIOUS_MOVE = YES;
				CLANG_WARN_UNGUARDED_AVAILABILITY = YES_AGGRESSIVE;
				CLANG_WARN_UNREACHABLE_CODE = YES;
				CLANG_WARN__DUPLICATE_METHOD_MATCH = YES;
				CODE_SIGN_STYLE = Automatic;
				COPY_PHASE_STRIP = NO;
				CURRENT_PROJECT_VERSION = 5;
				DEBUG_INFORMATION_FORMAT = "dwarf-with-dsym";
				ENABLE_NS_ASSERTIONS = NO;
				ENABLE_STRICT_OBJC_MSGSEND = YES;
				ENABLE_USER_SCRIPT_SANDBOXING = YES;
				GCC_C_LANGUAGE_STANDARD = gnu11;
				GCC_NO_COMMON_BLOCKS = YES;
				GCC_WARN_64_TO_32_BIT_CONVERSION = YES;
				GCC_WARN_ABOUT_RETURN_TYPE = YES_ERROR;
				GCC_WARN_UNDECLARED_SELECTOR = YES;
				GCC_WARN_UNINITIALIZED_AUTOS = YES_AGGRESSIVE;
				GCC_WARN_UNUSED_FUNCTION = YES;
				GCC_WARN_UNUSED_VARIABLE = YES;
				IPHONEOS_DEPLOYMENT_TARGET = 17.0;
				MARKETING_VERSION = 1.3.1;
				MTL_ENABLE_DEBUG_INFO = NO;
				MTL_FAST_MATH = YES;
				PRODUCT_NAME = "$(TARGET_NAME)";
				SDKROOT = iphoneos;
				SWIFT_COMPILATION_MODE = wholemodule;
				SWIFT_OPTIMIZATION_LEVEL = "-O";
				SWIFT_VERSION = 5.0;
				TARGETED_DEVICE_FAMILY = "1,2";
			};
			name = Release;
		};
		B24B91A16D357D823C2C8845 /* Release */ = {
			isa = XCBuildConfiguration;
			buildSettings = {
				BUNDLE_LOADER = "$(TEST_HOST)";
				DEVELOPMENT_TEAM = 5BG4VDJKTY;
				GENERATE_INFOPLIST_FILE = YES;
				LD_RUNPATH_SEARCH_PATHS = (
					"$(inherited)",
					"@executable_path/Frameworks",
					"@loader_path/Frameworks",
				);
				PRODUCT_BUNDLE_IDENTIFIER = io.github.jacklee992.NookcadeTests;
				SDKROOT = iphoneos;
				TARGETED_DEVICE_FAMILY = "1,2";
				TEST_HOST = "$(BUILT_PRODUCTS_DIR)/Nookcade.app/Nookcade";
			};
			name = Release;
		};
		E4C24C2F5EB9334D4A2E7285 /* Debug */ = {
			isa = XCBuildConfiguration;
			buildSettings = {
				ASSETCATALOG_COMPILER_APPICON_NAME = AppIcon;
				CODE_SIGN_IDENTITY = "iPhone Developer";
				DEVELOPMENT_TEAM = 5BG4VDJKTY;
				INFOPLIST_FILE = Nookcade/Info.plist;
				LD_RUNPATH_SEARCH_PATHS = (
					"$(inherited)",
					"@executable_path/Frameworks",
				);
				PRODUCT_BUNDLE_IDENTIFIER = io.github.jacklee992.wanba.ios;
				SDKROOT = iphoneos;
				TARGETED_DEVICE_FAMILY = "1,2";
			};
			name = Debug;
		};
/* End XCBuildConfiguration section */

/* Begin XCConfigurationList section */
		00FF6DDB8EA777304B1CD25E /* Build configuration list for PBXProject "Nookcade" */ = {
			isa = XCConfigurationList;
			buildConfigurations = (
				7BED825ED4A72D48B5B1AF23 /* Debug */,
				ABBF94D6D9F9F2042390D114 /* Release */,
			);
			defaultConfigurationIsVisible = 0;
			defaultConfigurationName = Debug;
		};
		28390F5EDF411B3F85388E5A /* Build configuration list for PBXNativeTarget "NookcadeTests" */ = {
			isa = XCConfigurationList;
			buildConfigurations = (
				4E03A91201A3C0B3DABFE879 /* Debug */,
				B24B91A16D357D823C2C8845 /* Release */,
			);
			defaultConfigurationIsVisible = 0;
			defaultConfigurationName = Debug;
		};
		35B17167A57B30C63E3ED618 /* Build configuration list for PBXNativeTarget "Nookcade" */ = {
			isa = XCConfigurationList;
			buildConfigurations = (
				E4C24C2F5EB9334D4A2E7285 /* Debug */,
				597EEF89EE7DFE94233AFA1E /* Release */,
			);
			defaultConfigurationIsVisible = 0;
			defaultConfigurationName = Debug;
		};
		9CAAAF84F6AD7089309537A6 /* Build configuration list for PBXNativeTarget "NookcadeUITests" */ = {
			isa = XCConfigurationList;
			buildConfigurations = (
				5104A638D905F7DB8239827E /* Debug */,
				3B1185927CFFECFFD939AEF0 /* Release */,
			);
			defaultConfigurationIsVisible = 0;
			defaultConfigurationName = Debug;
		};
/* End XCConfigurationList section */
	};
	rootObject = 398A6BE79C5A515673DCBE9E /* Project object */;
}
